// !$*UTF8*$!
{
	archiveVersion = 1;
	classes = {
	};
	objectVersion = 50;
	objects = {

/* Begin PBXBuildFile section */
		3E61B3B4222C295A00276186 /* Callback.swift in Sources */ = {isa = PBXBuildFile; fileRef = 3E61B3B3222C295A00276186 /* Callback.swift */; };
		3E61B3B7222D240F00276186 /* EarlyStopping.swift in Sources */ = {isa = PBXBuildFile; fileRef = 3E61B3B6222D240F00276186 /* EarlyStopping.swift */; };
		3E61B3B9222D2E1E00276186 /* Logging.swift in Sources */ = {isa = PBXBuildFile; fileRef = 3E61B3B8222D2E1E00276186 /* Logging.swift */; };
		3E9EBBD6222838C70033495C /* SwiftMLP.h in Headers */ = {isa = PBXBuildFile; fileRef = 3E9EBBD4222838C70033495C /* SwiftMLP.h */; settings = {ATTRIBUTES = (Public, ); }; };
		3E9EBBF322283B900033495C /* Base.swift in Sources */ = {isa = PBXBuildFile; fileRef = 3E9EBBF222283B900033495C /* Base.swift */; };
		3E9EBBF6222859690033495C /* Initializers.swift in Sources */ = {isa = PBXBuildFile; fileRef = 3E9EBBF5222859690033495C /* Initializers.swift */; };
		3E9EBBF922285B9A0033495C /* Dense.swift in Sources */ = {isa = PBXBuildFile; fileRef = 3E9EBBF822285B9A0033495C /* Dense.swift */; };
		3E9EBBFB22285BA10033495C /* Activation.swift in Sources */ = {isa = PBXBuildFile; fileRef = 3E9EBBFA22285BA10033495C /* Activation.swift */; };
		3E9EBC3022287EA20033495C /* Model.swift in Sources */ = {isa = PBXBuildFile; fileRef = 3E9EBC2F22287EA20033495C /* Model.swift */; };
		3E9EBC4122288F7C0033495C /* Loss.swift in Sources */ = {isa = PBXBuildFile; fileRef = 3E9EBC4022288F7C0033495C /* Loss.swift */; };
		3E9EBC432228901C0033495C /* SoftmaxCrossentropy.swift in Sources */ = {isa = PBXBuildFile; fileRef = 3E9EBC422228901C0033495C /* SoftmaxCrossentropy.swift */; };
		3E9EBC47222895610033495C /* Optimizer.swift in Sources */ = {isa = PBXBuildFile; fileRef = 3E9EBC46222895610033495C /* Optimizer.swift */; };
		3E9EBC492228964B0033495C /* SGDOptimizer.swift in Sources */ = {isa = PBXBuildFile; fileRef = 3E9EBC482228964B0033495C /* SGDOptimizer.swift */; };
		3E9EBC4E2229584E0033495C /* Helpers.swift in Sources */ = {isa = PBXBuildFile; fileRef = 3E9EBC4D2229584E0033495C /* Helpers.swift */; };
		3EB39CA1222AE77C0008BEFC /* AdamOptimizer.swift in Sources */ = {isa = PBXBuildFile; fileRef = 3EB39CA0222AE77C0008BEFC /* AdamOptimizer.swift */; };
		3ED9BF972229723E00EB3DDD /* Metric.swift in Sources */ = {isa = PBXBuildFile; fileRef = 3ED9BF962229723E00EB3DDD /* Metric.swift */; };
		3ED9BF992229729200EB3DDD /* Accuracy.swift in Sources */ = {isa = PBXBuildFile; fileRef = 3ED9BF982229729200EB3DDD /* Accuracy.swift */; };
		F371912D254CA81331CE11A6 /* Pods_SwiftMLP.framework in Frameworks */ = {isa = PBXBuildFile; fileRef = 90D47E7EE9F4A7BA36B20941 /* Pods_SwiftMLP.framework */; };
/* End PBXBuildFile section */

/* Begin PBXFileReference section */
		3E61B3B3222C295A00276186 /* Callback.swift */ = {isa = PBXFileReference; lastKnownFileType = sourcecode.swift; path = Callback.swift; sourceTree = "<group>"; };
		3E61B3B6222D240F00276186 /* EarlyStopping.swift */ = {isa = PBXFileReference; lastKnownFileType = sourcecode.swift; path = EarlyStopping.swift; sourceTree = "<group>"; };
		3E61B3B8222D2E1E00276186 /* Logging.swift */ = {isa = PBXFileReference; lastKnownFileType = sourcecode.swift; path = Logging.swift; sourceTree = "<group>"; };
		3E9EBBD1222838C70033495C /* SwiftMLP.framework */ = {isa = PBXFileReference; explicitFileType = wrapper.framework; includeInIndex = 0; path = SwiftMLP.framework; sourceTree = BUILT_PRODUCTS_DIR; };
		3E9EBBD4222838C70033495C /* SwiftMLP.h */ = {isa = PBXFileReference; lastKnownFileType = sourcecode.c.h; path = SwiftMLP.h; sourceTree = "<group>"; };
		3E9EBBD5222838C70033495C /* Info.plist */ = {isa = PBXFileReference; lastKnownFileType = text.plist.xml; path = Info.plist; sourceTree = "<group>"; };
		3E9EBBF222283B900033495C /* Base.swift */ = {isa = PBXFileReference; lastKnownFileType = sourcecode.swift; path = Base.swift; sourceTree = "<group>"; };
		3E9EBBF5222859690033495C /* Initializers.swift */ = {isa = PBXFileReference; lastKnownFileType = sourcecode.swift; path = Initializers.swift; sourceTree = "<group>"; };
		3E9EBBF822285B9A0033495C /* Dense.swift */ = {isa = PBXFileReference; lastKnownFileType = sourcecode.swift; path = Dense.swift; sourceTree = "<group>"; };
		3E9EBBFA22285BA10033495C /* Activation.swift */ = {isa = PBXFileReference; lastKnownFileType = sourcecode.swift; path = Activation.swift; sourceTree = "<group>"; };
		3E9EBC2F22287EA20033495C /* Model.swift */ = {isa = PBXFileReference; lastKnownFileType = sourcecode.swift; path = Model.swift; sourceTree = "<group>"; };
		3E9EBC4022288F7C0033495C /* Loss.swift */ = {isa = PBXFileReference; lastKnownFileType = sourcecode.swift; path = Loss.swift; sourceTree = "<group>"; };
		3E9EBC422228901C0033495C /* SoftmaxCrossentropy.swift */ = {isa = PBXFileReference; lastKnownFileType = sourcecode.swift; path = SoftmaxCrossentropy.swift; sourceTree = "<group>"; };
		3E9EBC46222895610033495C /* Optimizer.swift */ = {isa = PBXFileReference; lastKnownFileType = sourcecode.swift; path = Optimizer.swift; sourceTree = "<group>"; };
		3E9EBC482228964B0033495C /* SGDOptimizer.swift */ = {isa = PBXFileReference; lastKnownFileType = sourcecode.swift; path = SGDOptimizer.swift; sourceTree = "<group>"; };
		3E9EBC4D2229584E0033495C /* Helpers.swift */ = {isa = PBXFileReference; lastKnownFileType = sourcecode.swift; path = Helpers.swift; sourceTree = "<group>"; };
		3EB39CA0222AE77C0008BEFC /* AdamOptimizer.swift */ = {isa = PBXFileReference; lastKnownFileType = sourcecode.swift; path = AdamOptimizer.swift; sourceTree = "<group>"; };
		3ED9BF962229723E00EB3DDD /* Metric.swift */ = {isa = PBXFileReference; lastKnownFileType = sourcecode.swift; path = Metric.swift; sourceTree = "<group>"; };
		3ED9BF982229729200EB3DDD /* Accuracy.swift */ = {isa = PBXFileReference; lastKnownFileType = sourcecode.swift; path = Accuracy.swift; sourceTree = "<group>"; };
		81F61096DC94FBC9BFE8BAD9 /* Pods-SwiftMLP.release.xcconfig */ = {isa = PBXFileReference; includeInIndex = 1; lastKnownFileType = text.xcconfig; name = "Pods-SwiftMLP.release.xcconfig"; path = "Pods/Target Support Files/Pods-SwiftMLP/Pods-SwiftMLP.release.xcconfig"; sourceTree = "<group>"; };
		90D47E7EE9F4A7BA36B20941 /* Pods_SwiftMLP.framework */ = {isa = PBXFileReference; explicitFileType = wrapper.framework; includeInIndex = 0; path = Pods_SwiftMLP.framework; sourceTree = BUILT_PRODUCTS_DIR; };
		C17987D14B6D5974031B4D93 /* Pods-SwiftMLP.debug.xcconfig */ = {isa = PBXFileReference; includeInIndex = 1; lastKnownFileType = text.xcconfig; name = "Pods-SwiftMLP.debug.xcconfig"; path = "Pods/Target Support Files/Pods-SwiftMLP/Pods-SwiftMLP.debug.xcconfig"; sourceTree = "<group>"; };
/* End PBXFileReference section */

/* Begin PBXFrameworksBuildPhase section */
		3E9EBBCE222838C70033495C /* Frameworks */ = {
			isa = PBXFrameworksBuildPhase;
			buildActionMask = 2147483647;
			files = (
				F371912D254CA81331CE11A6 /* Pods_SwiftMLP.framework in Frameworks */,
			);
			runOnlyForDeploymentPostprocessing = 0;
		};
/* End PBXFrameworksBuildPhase section */

/* Begin PBXGroup section */
		3E61B3B1222C295000276186 /* Callbacks */ = {
			isa = PBXGroup;
			children = (
				3E61B3B3222C295A00276186 /* Callback.swift */,
				3E61B3B6222D240F00276186 /* EarlyStopping.swift */,
				3E61B3B8222D2E1E00276186 /* Logging.swift */,
			);
			path = Callbacks;
			sourceTree = "<group>";
		};
		3E9EBBC7222838C70033495C = {
			isa = PBXGroup;
			children = (
				3E9EBBD3222838C70033495C /* SwiftMLP */,
				3E9EBBD2222838C70033495C /* Products */,
				CCEA5327B1547B6D3A5C6F13 /* Pods */,
				9281AB0C2A2E88BF7988CF88 /* Frameworks */,
			);
			sourceTree = "<group>";
		};
		3E9EBBD2222838C70033495C /* Products */ = {
			isa = PBXGroup;
			children = (
				3E9EBBD1222838C70033495C /* SwiftMLP.framework */,
			);
			name = Products;
			sourceTree = "<group>";
		};
		3E9EBBD3222838C70033495C /* SwiftMLP */ = {
			isa = PBXGroup;
			children = (
				3E61B3B1222C295000276186 /* Callbacks */,
				3ED9BF942229723300EB3DDD /* Metrics */,
				3E9EBC45222895560033495C /* Optimizers */,
				3E9EBC3F22288F6D0033495C /* Losses */,
				3E9EBBF722285B8A0033495C /* Layers */,
				3E9EBBD4222838C70033495C /* SwiftMLP.h */,
				3E9EBBD5222838C70033495C /* Info.plist */,
				3E9EBBF5222859690033495C /* Initializers.swift */,
				3E9EBC2F22287EA20033495C /* Model.swift */,
				3E9EBC4D2229584E0033495C /* Helpers.swift */,
			);
			path = SwiftMLP;
			sourceTree = "<group>";
		};
		3E9EBBF722285B8A0033495C /* Layers */ = {
			isa = PBXGroup;
			children = (
				3E9EBBF222283B900033495C /* Base.swift */,
				3E9EBBF822285B9A0033495C /* Dense.swift */,
				3E9EBBFA22285BA10033495C /* Activation.swift */,
			);
			path = Layers;
			sourceTree = "<group>";
		};
		3E9EBC3F22288F6D0033495C /* Losses */ = {
			isa = PBXGroup;
			children = (
				3E9EBC4022288F7C0033495C /* Loss.swift */,
				3E9EBC422228901C0033495C /* SoftmaxCrossentropy.swift */,
			);
			path = Losses;
			sourceTree = "<group>";
		};
		3E9EBC45222895560033495C /* Optimizers */ = {
			isa = PBXGroup;
			children = (
				3E9EBC46222895610033495C /* Optimizer.swift */,
				3E9EBC482228964B0033495C /* SGDOptimizer.swift */,
				3EB39CA0222AE77C0008BEFC /* AdamOptimizer.swift */,
			);
			path = Optimizers;
			sourceTree = "<group>";
		};
		3ED9BF942229723300EB3DDD /* Metrics */ = {
			isa = PBXGroup;
			children = (
				3ED9BF962229723E00EB3DDD /* Metric.swift */,
				3ED9BF982229729200EB3DDD /* Accuracy.swift */,
			);
			path = Metrics;
			sourceTree = "<group>";
		};
		9281AB0C2A2E88BF7988CF88 /* Frameworks */ = {
			isa = PBXGroup;
			children = (
				90D47E7EE9F4A7BA36B20941 /* Pods_SwiftMLP.framework */,
			);
			name = Frameworks;
			sourceTree = "<group>";
		};
		CCEA5327B1547B6D3A5C6F13 /* Pods */ = {
			isa = PBXGroup;
			children = (
				C17987D14B6D5974031B4D93 /* Pods-SwiftMLP.debug.xcconfig */,
				81F61096DC94FBC9BFE8BAD9 /* Pods-SwiftMLP.release.xcconfig */,
			);
			name = Pods;
			sourceTree = "<group>";
		};
/* End PBXGroup section */

/* Begin PBXHeadersBuildPhase section */
		3E9EBBCC222838C70033495C /* Headers */ = {
			isa = PBXHeadersBuildPhase;
			buildActionMask = 2147483647;
			files = (
				3E9EBBD6222838C70033495C /* SwiftMLP.h in Headers */,
			);
			runOnlyForDeploymentPostprocessing = 0;
		};
/* End PBXHeadersBuildPhase section */

/* Begin PBXNativeTarget section */
		3E9EBBD0222838C70033495C /* SwiftMLP */ = {
			isa = PBXNativeTarget;
			buildConfigurationList = 3E9EBBD9222838C70033495C /* Build configuration list for PBXNativeTarget "SwiftMLP" */;
			buildPhases = (
				D9CFD1291870DF96A7BB06AE /* [CP] Check Pods Manifest.lock */,
				3E9EBBCC222838C70033495C /* Headers */,
				3E9EBBCD222838C70033495C /* Sources */,
				3E9EBBCE222838C70033495C /* Frameworks */,
				3E9EBBCF222838C70033495C /* Resources */,
			);
			buildRules = (
			);
			dependencies = (
			);
			name = SwiftMLP;
			productName = SwiftMLP;
			productReference = 3E9EBBD1222838C70033495C /* SwiftMLP.framework */;
			productType = "com.apple.product-type.framework";
		};
/* End PBXNativeTarget section */

/* Begin PBXProject section */
		3E9EBBC8222838C70033495C /* Project object */ = {
			isa = PBXProject;
			attributes = {
				LastSwiftUpdateCheck = 1010;
				LastUpgradeCheck = 1010;
				ORGANIZATIONNAME = Distillery;
				TargetAttributes = {
					3E9EBBD0222838C70033495C = {
						CreatedOnToolsVersion = 10.1;
						LastSwiftMigration = 1010;
					};
				};
			};
			buildConfigurationList = 3E9EBBCB222838C70033495C /* Build configuration list for PBXProject "SwiftMLP" */;
			compatibilityVersion = "Xcode 9.3";
			developmentRegion = en;
			hasScannedForEncodings = 0;
			knownRegions = (
				en,
				Base,
			);
			mainGroup = 3E9EBBC7222838C70033495C;
			productRefGroup = 3E9EBBD2222838C70033495C /* Products */;
			projectDirPath = "";
			projectRoot = "";
			targets = (
				3E9EBBD0222838C70033495C /* SwiftMLP */,
			);
		};
/* End PBXProject section */

/* Begin PBXResourcesBuildPhase section */
		3E9EBBCF222838C70033495C /* Resources */ = {
			isa = PBXResourcesBuildPhase;
			buildActionMask = 2147483647;
			files = (
			);
			runOnlyForDeploymentPostprocessing = 0;
		};
/* End PBXResourcesBuildPhase section */

/* Begin PBXShellScriptBuildPhase section */
		D9CFD1291870DF96A7BB06AE /* [CP] Check Pods Manifest.lock */ = {
			isa = PBXShellScriptBuildPhase;
			buildActionMask = 2147483647;
			files = (
			);
			inputFileListPaths = (
			);
			inputPaths = (
				"${PODS_PODFILE_DIR_PATH}/Podfile.lock",
				"${PODS_ROOT}/Manifest.lock",
			);
			name = "[CP] Check Pods Manifest.lock";
			outputFileListPaths = (
			);
			outputPaths = (
				"$(DERIVED_FILE_DIR)/Pods-SwiftMLP-checkManifestLockResult.txt",
			);
			runOnlyForDeploymentPostprocessing = 0;
			shellPath = /bin/sh;
			shellScript = "diff \"${PODS_PODFILE_DIR_PATH}/Podfile.lock\" \"${PODS_ROOT}/Manifest.lock\" > /dev/null\nif [ $? != 0 ] ; then\n    # print error to STDERR\n    echo \"error: The sandbox is not in sync with the Podfile.lock. Run 'pod install' or update your CocoaPods installation.\" >&2\n    exit 1\nfi\n# This output is used by Xcode 'outputs' to avoid re-running this script phase.\necho \"SUCCESS\" > \"${SCRIPT_OUTPUT_FILE_0}\"\n";
			showEnvVarsInLog = 0;
		};
/* End PBXShellScriptBuildPhase section */

/* Begin PBXSourcesBuildPhase section */
		3E9EBBCD222838C70033495C /* Sources */ = {
			isa = PBXSourcesBuildPhase;
			buildActionMask = 2147483647;
			files = (
				3E61B3B4222C295A00276186 /* Callback.swift in Sources */,
				3E9EBC432228901C0033495C /* SoftmaxCrossentropy.swift in Sources */,
				3E9EBC4122288F7C0033495C /* Loss.swift in Sources */,
				3E9EBC3022287EA20033495C /* Model.swift in Sources */,
				3EB39CA1222AE77C0008BEFC /* AdamOptimizer.swift in Sources */,
				3E9EBC4E2229584E0033495C /* Helpers.swift in Sources */,
				3ED9BF992229729200EB3DDD /* Accuracy.swift in Sources */,
				3E9EBBF6222859690033495C /* Initializers.swift in Sources */,
				3E9EBBFB22285BA10033495C /* Activation.swift in Sources */,
				3E9EBC47222895610033495C /* Optimizer.swift in Sources */,
				3ED9BF972229723E00EB3DDD /* Metric.swift in Sources */,
				3E9EBBF322283B900033495C /* Base.swift in Sources */,
				3E9EBC492228964B0033495C /* SGDOptimizer.swift in Sources */,
				3E9EBBF922285B9A0033495C /* Dense.swift in Sources */,
				3E61B3B7222D240F00276186 /* EarlyStopping.swift in Sources */,
				3E61B3B9222D2E1E00276186 /* Logging.swift in Sources */,
			);
			runOnlyForDeploymentPostprocessing = 0;
		};
/* End PBXSourcesBuildPhase section */

/* Begin XCBuildConfiguration section */
		3E9EBBD7222838C70033495C /* Debug */ = {
			isa = XCBuildConfiguration;
			buildSettings = {
				ALWAYS_SEARCH_USER_PATHS = NO;
				CLANG_ANALYZER_NONNULL = YES;
				CLANG_ANALYZER_NUMBER_OBJECT_CONVERSION = YES_AGGRESSIVE;
				CLANG_CXX_LANGUAGE_STANDARD = "gnu++14";
				CLANG_CXX_LIBRARY = "libc++";
				CLANG_ENABLE_MODULES = YES;
				CLANG_ENABLE_OBJC_ARC = YES;
				CLANG_ENABLE_OBJC_WEAK = YES;
				CLANG_WARN_BLOCK_CAPTURE_AUTORELEASING = YES;
				CLANG_WARN_BOOL_CONVERSION = YES;
				CLANG_WARN_COMMA = YES;
				CLANG_WARN_CONSTANT_CONVERSION = YES;
				CLANG_WARN_DEPRECATED_OBJC_IMPLEMENTATIONS = YES;
				CLANG_WARN_DIRECT_OBJC_ISA_USAGE = YES_ERROR;
				CLANG_WARN_DOCUMENTATION_COMMENTS = YES;
				CLANG_WARN_EMPTY_BODY = YES;
				CLANG_WARN_ENUM_CONVERSION = YES;
				CLANG_WARN_INFINITE_RECURSION = YES;
				CLANG_WARN_INT_CONVERSION = YES;
				CLANG_WARN_NON_LITERAL_NULL_CONVERSION = YES;
				CLANG_WARN_OBJC_IMPLICIT_RETAIN_SELF = YES;
				CLANG_WARN_OBJC_LITERAL_CONVERSION = YES;
				CLANG_WARN_OBJC_ROOT_CLASS = YES_ERROR;
				CLANG_WARN_RANGE_LOOP_ANALYSIS = YES;
				CLANG_WARN_STRICT_PROTOTYPES = YES;
				CLANG_WARN_SUSPICIOUS_MOVE = YES;
				CLANG_WARN_UNGUARDED_AVAILABILITY = YES_AGGRESSIVE;
				CLANG_WARN_UNREACHABLE_CODE = YES;
				CLANG_WARN__DUPLICATE_METHOD_MATCH = YES;
				CODE_SIGN_IDENTITY = "iPhone Developer";
				COPY_PHASE_STRIP = NO;
				CURRENT_PROJECT_VERSION = 1;
				DEBUG_INFORMATION_FORMAT = dwarf;
				ENABLE_STRICT_OBJC_MSGSEND = YES;
				ENABLE_TESTABILITY = YES;
				GCC_C_LANGUAGE_STANDARD = gnu11;
				GCC_DYNAMIC_NO_PIC = NO;
				GCC_NO_COMMON_BLOCKS = YES;
				GCC_OPTIMIZATION_LEVEL = 0;
				GCC_PREPROCESSOR_DEFINITIONS = (
					"DEBUG=1",
					"$(inherited)",
				);
				GCC_WARN_64_TO_32_BIT_CONVERSION = YES;
				GCC_WARN_ABOUT_RETURN_TYPE = YES_ERROR;
				GCC_WARN_UNDECLARED_SELECTOR = YES;
				GCC_WARN_UNINITIALIZED_AUTOS = YES_AGGRESSIVE;
				GCC_WARN_UNUSED_FUNCTION = YES;
				GCC_WARN_UNUSED_VARIABLE = YES;
				IPHONEOS_DEPLOYMENT_TARGET = 12.1;
				MTL_ENABLE_DEBUG_INFO = INCLUDE_SOURCE;
				MTL_FAST_MATH = YES;
				ONLY_ACTIVE_ARCH = YES;
				SDKROOT = iphoneos;
				SWIFT_ACTIVE_COMPILATION_CONDITIONS = DEBUG;
				SWIFT_OPTIMIZATION_LEVEL = "-Onone";
				VERSIONING_SYSTEM = "apple-generic";
				VERSION_INFO_PREFIX = "";
			};
			name = Debug;
		};
		3E9EBBD8222838C70033495C /* Release */ = {
			isa = XCBuildConfiguration;
			buildSettings = {
				ALWAYS_SEARCH_USER_PATHS = NO;
				CLANG_ANALYZER_NONNULL = YES;
				CLANG_ANALYZER_NUMBER_OBJECT_CONVERSION = YES_AGGRESSIVE;
				CLANG_CXX_LANGUAGE_STANDARD = "gnu++14";
				CLANG_CXX_LIBRARY = "libc++";
				CLANG_ENABLE_MODULES = YES;
				CLANG_ENABLE_OBJC_ARC = YES;
				CLANG_ENABLE_OBJC_WEAK = YES;
				CLANG_WARN_BLOCK_CAPTURE_AUTORELEASING = YES;
				CLANG_WARN_BOOL_CONVERSION = YES;
				CLANG_WARN_COMMA = YES;
				CLANG_WARN_CONSTANT_CONVERSION = YES;
				CLANG_WARN_DEPRECATED_OBJC_IMPLEMENTATIONS = YES;
				CLANG_WARN_DIRECT_OBJC_ISA_USAGE = YES_ERROR;
				CLANG_WARN_DOCUMENTATION_COMMENTS = YES;
				CLANG_WARN_EMPTY_BODY = YES;
				CLANG_WARN_ENUM_CONVERSION = YES;
				CLANG_WARN_INFINITE_RECURSION = YES;
				CLANG_WARN_INT_CONVERSION = YES;
				CLANG_WARN_NON_LITERAL_NULL_CONVERSION = YES;
				CLANG_WARN_OBJC_IMPLICIT_RETAIN_SELF = YES;
				CLANG_WARN_OBJC_LITERAL_CONVERSION = YES;
				CLANG_WARN_OBJC_ROOT_CLASS = YES_ERROR;
				CLANG_WARN_RANGE_LOOP_ANALYSIS = YES;
				CLANG_WARN_STRICT_PROTOTYPES = YES;
				CLANG_WARN_SUSPICIOUS_MOVE = YES;
				CLANG_WARN_UNGUARDED_AVAILABILITY = YES_AGGRESSIVE;
				CLANG_WARN_UNREACHABLE_CODE = YES;
				CLANG_WARN__DUPLICATE_METHOD_MATCH = YES;
				CODE_SIGN_IDENTITY = "iPhone Developer";
				COPY_PHASE_STRIP = NO;
				CURRENT_PROJECT_VERSION = 1;
				DEBUG_INFORMATION_FORMAT = "dwarf-with-dsym";
				ENABLE_NS_ASSERTIONS = NO;
				ENABLE_STRICT_OBJC_MSGSEND = YES;
				GCC_C_LANGUAGE_STANDARD = gnu11;
				GCC_NO_COMMON_BLOCKS = YES;
				GCC_WARN_64_TO_32_BIT_CONVERSION = YES;
				GCC_WARN_ABOUT_RETURN_TYPE = YES_ERROR;
				GCC_WARN_UNDECLARED_SELECTOR = YES;
				GCC_WARN_UNINITIALIZED_AUTOS = YES_AGGRESSIVE;
				GCC_WARN_UNUSED_FUNCTION = YES;
				GCC_WARN_UNUSED_VARIABLE = YES;
				IPHONEOS_DEPLOYMENT_TARGET = 12.1;
				MTL_ENABLE_DEBUG_INFO = NO;
				MTL_FAST_MATH = YES;
				SDKROOT = iphoneos;
				SWIFT_COMPILATION_MODE = wholemodule;
				SWIFT_OPTIMIZATION_LEVEL = "-O";
				VALIDATE_PRODUCT = YES;
				VERSIONING_SYSTEM = "apple-generic";
				VERSION_INFO_PREFIX = "";
			};
			name = Release;
		};
		3E9EBBDA222838C70033495C /* Debug */ = {
			isa = XCBuildConfiguration;
			baseConfigurationReference = C17987D14B6D5974031B4D93 /* Pods-SwiftMLP.debug.xcconfig */;
			buildSettings = {
				CLANG_ENABLE_MODULES = YES;
				CODE_SIGN_IDENTITY = "";
				CODE_SIGN_STYLE = Automatic;
				DEFINES_MODULE = YES;
				DEVELOPMENT_TEAM = 8X676Z47A4;
				DYLIB_COMPATIBILITY_VERSION = 1;
				DYLIB_CURRENT_VERSION = 1;
				DYLIB_INSTALL_NAME_BASE = "@rpath";
				ENABLE_BITCODE = NO;
				INFOPLIST_FILE = SwiftMLP/Info.plist;
				INSTALL_PATH = "$(LOCAL_LIBRARY_DIR)/Frameworks";
				LD_RUNPATH_SEARCH_PATHS = (
					"$(inherited)",
					"@executable_path/Frameworks",
					"@loader_path/Frameworks",
				);
				PRODUCT_BUNDLE_IDENTIFIER = com.weezlabs.SwiftMLP;
				PRODUCT_NAME = "$(TARGET_NAME:c99extidentifier)";
				SKIP_INSTALL = YES;
				SWIFT_OPTIMIZATION_LEVEL = "-Onone";
				SWIFT_VERSION = 4.2;
				TARGETED_DEVICE_FAMILY = "1,2";
			};
			name = Debug;
		};
		3E9EBBDB222838C70033495C /* Release */ = {
			isa = XCBuildConfiguration;
			baseConfigurationReference = 81F61096DC94FBC9BFE8BAD9 /* Pods-SwiftMLP.release.xcconfig */;
			buildSettings = {
				CLANG_ENABLE_MODULES = YES;
				CODE_SIGN_IDENTITY = "";
				CODE_SIGN_STYLE = Automatic;
				DEFINES_MODULE = YES;
				DEVELOPMENT_TEAM = 8X676Z47A4;
				DYLIB_COMPATIBILITY_VERSION = 1;
				DYLIB_CURRENT_VERSION = 1;
				DYLIB_INSTALL_NAME_BASE = "@rpath";
				ENABLE_BITCODE = NO;
				INFOPLIST_FILE = SwiftMLP/Info.plist;
				INSTALL_PATH = "$(LOCAL_LIBRARY_DIR)/Frameworks";
				LD_RUNPATH_SEARCH_PATHS = (
					"$(inherited)",
					"@executable_path/Frameworks",
					"@loader_path/Frameworks",
				);
				PRODUCT_BUNDLE_IDENTIFIER = com.weezlabs.SwiftMLP;
				PRODUCT_NAME = "$(TARGET_NAME:c99extidentifier)";
				SKIP_INSTALL = YES;
				SWIFT_VERSION = 4.2;
				TARGETED_DEVICE_FAMILY = "1,2";
			};
			name = Release;
		};
/* End XCBuildConfiguration section */

/* Begin XCConfigurationList section */
		3E9EBBCB222838C70033495C /* Build configuration list for PBXProject "SwiftMLP" */ = {
			isa = XCConfigurationList;
			buildConfigurations = (
				3E9EBBD7222838C70033495C /* Debug */,
				3E9EBBD8222838C70033495C /* Release */,
			);
			defaultConfigurationIsVisible = 0;
			defaultConfigurationName = Release;
		};
		3E9EBBD9222838C70033495C /* Build configuration list for PBXNativeTarget "SwiftMLP" */ = {
			isa = XCConfigurationList;
			buildConfigurations = (
				3E9EBBDA222838C70033495C /* Debug */,
				3E9EBBDB222838C70033495C /* Release */,
			);
			defaultConfigurationIsVisible = 0;
			defaultConfigurationName = Release;
		};
/* End XCConfigurationList section */
	};
	rootObject = 3E9EBBC8222838C70033495C /* Project object */;
}
